
Microsoft Visual Studio Solution File, Format Version 12.00
# Visual Studio Version 17
VisualStudioVersion = 17.11.35327.3
MinimumVisualStudioVersion = 10.0.40219.1
Project("{8BC9CEB8-8B4A-11D0-8D11-00A0C91BC942}") = "OOP_LAB_2_1", "OOP_LAB_2_1.vcxproj", "{F96ADD29-ED6B-452D-8588-D0CE8DE57769}"
EndProject
Global
	GlobalSection(SolutionConfigurationPlatforms) = preSolution
		Debug|x64 = Debug|x64
		Debug|x86 = Debug|x86
		Release|x64 = Release|x64
		Release|x86 = Release|x86
	EndGlobalSection
	GlobalSection(ProjectConfigurationPlatforms) = postSolution
		{F96ADD29-ED6B-452D-8588-D0CE8DE57769}.Debug|x64.ActiveCfg = Debug|x64
		{F96ADD29-ED6B-452D-8588-D0CE8DE57769}.Debug|x64.Build.0 = Debug|x64
		{F96ADD29-ED6B-452D-8588-D0CE8DE57769}.Debug|x86.ActiveCfg = Debug|Win32
		{F96ADD29-ED6B-452D-8588-D0CE8DE57769}.Debug|x86.Build.0 = Debug|Win32
		{F96ADD29-ED6B-452D-8588-D0CE8DE57769}.Release|x64.ActiveCfg = Release|x64
		{F96ADD29-ED6B-452D-8588-D0CE8DE57769}.Release|x64.Build.0 = Release|x64
		{F96ADD29-ED6B-452D-8588-D0CE8DE57769}.Release|x86.ActiveCfg = Release|Win32
		{F96ADD29-ED6B-452D-8588-D0CE8DE57769}.Release|x86.Build.0 = Release|Win32
	EndGlobalSection
	GlobalSection(SolutionProperties) = preSolution
		HideSolutionNode = FALSE
	EndGlobalSection
	GlobalSection(ExtensibilityGlobals) = postSolution
		SolutionGuid = {A91E8229-9EBE-4A67-A6D7-672C3267C577}
	EndGlobalSection
EndGlobal
